
Microsoft Visual Studio Solution File, Format Version 12.00
# Visual Studio 15
VisualStudioVersion = 15.0.28307.539
MinimumVisualStudioVersion = 10.0.40219.1
Project("{FAE04EC0-301F-11D3-BF4B-00C04F79EFBC}") = "WpfApp1", "WpfApp1\WpfApp1.csproj", "{FDC4FBD9-972D-4AE8-A996-E781CC4CA8E8}"
EndProject
Global
	GlobalSection(SolutionConfigurationPlatforms) = preSolution
		Debug|Any CPU = Debug|Any CPU
		Release|Any CPU = Release|Any CPU
	EndGlobalSection
	GlobalSection(ProjectConfigurationPlatforms) = postSolution
		{FDC4FBD9-972D-4AE8-A996-E781CC4CA8E8}.Debug|Any CPU.ActiveCfg = Debug|Any CPU
		{FDC4FBD9-972D-4AE8-A996-E781CC4CA8E8}.Debug|Any CPU.Build.0 = Debug|Any CPU
		{FDC4FBD9-972D-4AE8-A996-E781CC4CA8E8}.Release|Any CPU.ActiveCfg = Release|Any CPU
		{FDC4FBD9-972D-4AE8-A996-E781CC4CA8E8}.Release|Any CPU.Build.0 = Release|Any CPU
	EndGlobalSection
	GlobalSection(SolutionProperties) = preSolution
		HideSolutionNode = FALSE
	EndGlobalSection
	GlobalSection(ExtensibilityGlobals) = postSolution
		SolutionGuid = {BD804AD0-61AD-4152-BEC5-792A26F8BE15}
	EndGlobalSection
EndGlobal
